// !$*UTF8*$!
{
	archiveVersion = 1;
	classes = {
	};
	objectVersion = 55;
	objects = {

/* Begin PBXBuildFile section */
		CE89638127BDC03C0002B8BB /* AppDelegate.swift in Sources */ = {isa = PBXBuildFile; fileRef = CE89638027BDC03C0002B8BB /* AppDelegate.swift */; };
		CE89638327BDC03C0002B8BB /* SceneDelegate.swift in Sources */ = {isa = PBXBuildFile; fileRef = CE89638227BDC03C0002B8BB /* SceneDelegate.swift */; };
		CE89638527BDC03C0002B8BB /* ConversionViewController.swift in Sources */ = {isa = PBXBuildFile; fileRef = CE89638427BDC03C0002B8BB /* ConversionViewController.swift */; };
		CE89638827BDC03C0002B8BB /* Main.storyboard in Resources */ = {isa = PBXBuildFile; fileRef = CE89638627BDC03C0002B8BB /* Main.storyboard */; };
		CE89638A27BDC03D0002B8BB /* Assets.xcassets in Resources */ = {isa = PBXBuildFile; fileRef = CE89638927BDC03D0002B8BB /* Assets.xcassets */; };
		CE89638D27BDC03D0002B8BB /* LaunchScreen.storyboard in Resources */ = {isa = PBXBuildFile; fileRef = CE89638B27BDC03D0002B8BB /* LaunchScreen.storyboard */; };
		CE89639827BDC03E0002B8BB /* WorldTrotterTests.swift in Sources */ = {isa = PBXBuildFile; fileRef = CE89639727BDC03E0002B8BB /* WorldTrotterTests.swift */; };
		CE8963A227BDC03E0002B8BB /* WorldTrotterUITests.swift in Sources */ = {isa = PBXBuildFile; fileRef = CE8963A127BDC03E0002B8BB /* WorldTrotterUITests.swift */; };
		CE8963A427BDC03E0002B8BB /* WorldTrotterUITestsLaunchTests.swift in Sources */ = {isa = PBXBuildFile; fileRef = CE8963A327BDC03E0002B8BB /* WorldTrotterUITestsLaunchTests.swift */; };
		CE8D050827D0401100E25E37 /* Localizable.strings in Resources */ = {isa = PBXBuildFile; fileRef = CE8D050A27D0401100E25E37 /* Localizable.strings */; };
		CEDE3B1327C710AD00ABC03D /* MapViewController.swift in Sources */ = {isa = PBXBuildFile; fileRef = CEDE3B1227C710AD00ABC03D /* MapViewController.swift */; };
/* End PBXBuildFile section */

/* Begin PBXContainerItemProxy section */
		CE89639427BDC03E0002B8BB /* PBXContainerItemProxy */ = {
			isa = PBXContainerItemProxy;
			containerPortal = CE89637527BDC03C0002B8BB /* Project object */;
			proxyType = 1;
			remoteGlobalIDString = CE89637C27BDC03C0002B8BB;
			remoteInfo = WorldTrotter;
		};
		CE89639E27BDC03E0002B8BB /* PBXContainerItemProxy */ = {
			isa = PBXContainerItemProxy;
			containerPortal = CE89637527BDC03C0002B8BB /* Project object */;
			proxyType = 1;
			remoteGlobalIDString = CE89637C27BDC03C0002B8BB;
			remoteInfo = WorldTrotter;
		};
/* End PBXContainerItemProxy section */

/* Begin PBXFileReference section */
		CE89637D27BDC03C0002B8BB /* WorldTrotter.app */ = {isa = PBXFileReference; explicitFileType = wrapper.application; includeInIndex = 0; path = WorldTrotter.app; sourceTree = BUILT_PRODUCTS_DIR; };
		CE89638027BDC03C0002B8BB /* AppDelegate.swift */ = {isa = PBXFileReference; lastKnownFileType = sourcecode.swift; path = AppDelegate.swift; sourceTree = "<group>"; };
		CE89638227BDC03C0002B8BB /* SceneDelegate.swift */ = {isa = PBXFileReference; lastKnownFileType = sourcecode.swift; path = SceneDelegate.swift; sourceTree = "<group>"; };
		CE89638427BDC03C0002B8BB /* ConversionViewController.swift */ = {isa = PBXFileReference; lastKnownFileType = sourcecode.swift; path = ConversionViewController.swift; sourceTree = "<group>"; };
		CE89638727BDC03C0002B8BB /* Base */ = {isa = PBXFileReference; lastKnownFileType = file.storyboard; name = Base; path = Base.lproj/Main.storyboard; sourceTree = "<group>"; };
		CE89638927BDC03D0002B8BB /* Assets.xcassets */ = {isa = PBXFileReference; lastKnownFileType = folder.assetcatalog; path = Assets.xcassets; sourceTree = "<group>"; };
		CE89638C27BDC03D0002B8BB /* Base */ = {isa = PBXFileReference; lastKnownFileType = file.storyboard; name = Base; path = Base.lproj/LaunchScreen.storyboard; sourceTree = "<group>"; };
		CE89638E27BDC03D0002B8BB /* Info.plist */ = {isa = PBXFileReference; lastKnownFileType = text.plist.xml; path = Info.plist; sourceTree = "<group>"; };
		CE89639327BDC03E0002B8BB /* WorldTrotterTests.xctest */ = {isa = PBXFileReference; explicitFileType = wrapper.cfbundle; includeInIndex = 0; path = WorldTrotterTests.xctest; sourceTree = BUILT_PRODUCTS_DIR; };
		CE89639727BDC03E0002B8BB /* WorldTrotterTests.swift */ = {isa = PBXFileReference; lastKnownFileType = sourcecode.swift; path = WorldTrotterTests.swift; sourceTree = "<group>"; };
		CE89639D27BDC03E0002B8BB /* WorldTrotterUITests.xctest */ = {isa = PBXFileReference; explicitFileType = wrapper.cfbundle; includeInIndex = 0; path = WorldTrotterUITests.xctest; sourceTree = BUILT_PRODUCTS_DIR; };
		CE8963A127BDC03E0002B8BB /* WorldTrotterUITests.swift */ = {isa = PBXFileReference; lastKnownFileType = sourcecode.swift; path = WorldTrotterUITests.swift; sourceTree = "<group>"; };
		CE8963A327BDC03E0002B8BB /* WorldTrotterUITestsLaunchTests.swift */ = {isa = PBXFileReference; lastKnownFileType = sourcecode.swift; path = WorldTrotterUITestsLaunchTests.swift; sourceTree = "<group>"; };
		CE8D050427D03A1400E25E37 /* en */ = {isa = PBXFileReference; lastKnownFileType = text.plist.strings; name = en; path = en.lproj/Main.strings; sourceTree = "<group>"; };
		CE8D050527D03A6000E25E37 /* es */ = {isa = PBXFileReference; lastKnownFileType = text.plist.strings; name = es; path = es.lproj/Main.strings; sourceTree = "<group>"; };
		CE8D050927D0401100E25E37 /* es */ = {isa = PBXFileReference; lastKnownFileType = text.plist.strings; name = es; path = es.lproj/Localizable.strings; sourceTree = "<group>"; };
		CEDE3B1227C710AD00ABC03D /* MapViewController.swift */ = {isa = PBXFileReference; lastKnownFileType = sourcecode.swift; path = MapViewController.swift; sourceTree = "<group>"; };
/* End PBXFileReference section */

/* Begin PBXFrameworksBuildPhase section */
		CE89637A27BDC03C0002B8BB /* Frameworks */ = {
			isa = PBXFrameworksBuildPhase;
			buildActionMask = 2147483647;
			files = (
			);
			runOnlyForDeploymentPostprocessing = 0;
		};
		CE89639027BDC03E0002B8BB /* Frameworks */ = {
			isa = PBXFrameworksBuildPhase;
			buildActionMask = 2147483647;
			files = (
			);
			runOnlyForDeploymentPostprocessing = 0;
		};
		CE89639A27BDC03E0002B8BB /* Frameworks */ = {
			isa = PBXFrameworksBuildPhase;
			buildActionMask = 2147483647;
			files = (
			);
			runOnlyForDeploymentPostprocessing = 0;
		};
/* End PBXFrameworksBuildPhase section */

/* Begin PBXGroup section */
		CE89637427BDC03C0002B8BB = {
			isa = PBXGroup;
			children = (
				CE8D050A27D0401100E25E37 /* Localizable.strings */,
				CE89637F27BDC03C0002B8BB /* WorldTrotter */,
				CE89639627BDC03E0002B8BB /* WorldTrotterTests */,
				CE8963A027BDC03E0002B8BB /* WorldTrotterUITests */,
				CE89637E27BDC03C0002B8BB /* Products */,
			);
			sourceTree = "<group>";
		};
		CE89637E27BDC03C0002B8BB /* Products */ = {
			isa = PBXGroup;
			children = (
				CE89637D27BDC03C0002B8BB /* WorldTrotter.app */,
				CE89639327BDC03E0002B8BB /* WorldTrotterTests.xctest */,
				CE89639D27BDC03E0002B8BB /* WorldTrotterUITests.xctest */,
			);
			name = Products;
			sourceTree = "<group>";
		};
		CE89637F27BDC03C0002B8BB /* WorldTrotter */ = {
			isa = PBXGroup;
			children = (
				CE89638027BDC03C0002B8BB /* AppDelegate.swift */,
				CE89638227BDC03C0002B8BB /* SceneDelegate.swift */,
				CE89638427BDC03C0002B8BB /* ConversionViewController.swift */,
				CE89638627BDC03C0002B8BB /* Main.storyboard */,
				CEDE3B1227C710AD00ABC03D /* MapViewController.swift */,
				CE89638927BDC03D0002B8BB /* Assets.xcassets */,
				CE89638B27BDC03D0002B8BB /* LaunchScreen.storyboard */,
				CE89638E27BDC03D0002B8BB /* Info.plist */,
			);
			path = WorldTrotter;
			sourceTree = "<group>";
		};
		CE89639627BDC03E0002B8BB /* WorldTrotterTests */ = {
			isa = PBXGroup;
			children = (
				CE89639727BDC03E0002B8BB /* WorldTrotterTests.swift */,
			);
			path = WorldTrotterTests;
			sourceTree = "<group>";
		};
		CE8963A027BDC03E0002B8BB /* WorldTrotterUITests */ = {
			isa = PBXGroup;
			children = (
				CE8963A127BDC03E0002B8BB /* WorldTrotterUITests.swift */,
				CE8963A327BDC03E0002B8BB /* WorldTrotterUITestsLaunchTests.swift */,
			);
			path = WorldTrotterUITests;
			sourceTree = "<group>";
		};
/* End PBXGroup section */

/* Begin PBXNativeTarget section */
		CE89637C27BDC03C0002B8BB /* WorldTrotter */ = {
			isa = PBXNativeTarget;
			buildConfigurationList = CE8963A727BDC03E0002B8BB /* Build configuration list for PBXNativeTarget "WorldTrotter" */;
			buildPhases = (
				CE89637927BDC03C0002B8BB /* Sources */,
				CE89637A27BDC03C0002B8BB /* Frameworks */,
				CE89637B27BDC03C0002B8BB /* Resources */,
			);
			buildRules = (
			);
			dependencies = (
			);
			name = WorldTrotter;
			productName = WorldTrotter;
			productReference = CE89637D27BDC03C0002B8BB /* WorldTrotter.app */;
			productType = "com.apple.product-type.application";
		};
		CE89639227BDC03E0002B8BB /* WorldTrotterTests */ = {
			isa = PBXNativeTarget;
			buildConfigurationList = CE8963AA27BDC03E0002B8BB /* Build configuration list for PBXNativeTarget "WorldTrotterTests" */;
			buildPhases = (
				CE89638F27BDC03E0002B8BB /* Sources */,
				CE89639027BDC03E0002B8BB /* Frameworks */,
				CE89639127BDC03E0002B8BB /* Resources */,
			);
			buildRules = (
			);
			dependencies = (
				CE89639527BDC03E0002B8BB /* PBXTargetDependency */,
			);
			name = WorldTrotterTests;
			productName = WorldTrotterTests;
			productReference = CE89639327BDC03E0002B8BB /* WorldTrotterTests.xctest */;
			productType = "com.apple.product-type.bundle.unit-test";
		};
		CE89639C27BDC03E0002B8BB /* WorldTrotterUITests */ = {
			isa = PBXNativeTarget;
			buildConfigurationList = CE8963AD27BDC03E0002B8BB /* Build configuration list for PBXNativeTarget "WorldTrotterUITests" */;
			buildPhases = (
				CE89639927BDC03E0002B8BB /* Sources */,
				CE89639A27BDC03E0002B8BB /* Frameworks */,
				CE89639B27BDC03E0002B8BB /* Resources */,
			);
			buildRules = (
			);
			dependencies = (
				CE89639F27BDC03E0002B8BB /* PBXTargetDependency */,
			);
			name = WorldTrotterUITests;
			productName = WorldTrotterUITests;
			productReference = CE89639D27BDC03E0002B8BB /* WorldTrotterUITests.xctest */;
			productType = "com.apple.product-type.bundle.ui-testing";
		};
/* End PBXNativeTarget section */

/* Begin PBXProject section */
		CE89637527BDC03C0002B8BB /* Project object */ = {
			isa = PBXProject;
			attributes = {
				BuildIndependentTargetsInParallel = 1;
				LastSwiftUpdateCheck = 1320;
				LastUpgradeCheck = 1320;
				TargetAttributes = {
					CE89637C27BDC03C0002B8BB = {
						CreatedOnToolsVersion = 13.2.1;
					};
					CE89639227BDC03E0002B8BB = {
						CreatedOnToolsVersion = 13.2.1;
						TestTargetID = CE89637C27BDC03C0002B8BB;
					};
					CE89639C27BDC03E0002B8BB = {
						CreatedOnToolsVersion = 13.2.1;
						TestTargetID = CE89637C27BDC03C0002B8BB;
					};
				};
			};
			buildConfigurationList = CE89637827BDC03C0002B8BB /* Build configuration list for PBXProject "WorldTrotter" */;
			compatibilityVersion = "Xcode 13.0";
			developmentRegion = en;
			hasScannedForEncodings = 0;
			knownRegions = (
				en,
				Base,
				es,
			);
			mainGroup = CE89637427BDC03C0002B8BB;
			productRefGroup = CE89637E27BDC03C0002B8BB /* Products */;
			projectDirPath = "";
			projectRoot = "";
			targets = (
				CE89637C27BDC03C0002B8BB /* WorldTrotter */,
				CE89639227BDC03E0002B8BB /* WorldTrotterTests */,
				CE89639C27BDC03E0002B8BB /* WorldTrotterUITests */,
			);
		};
/* End PBXProject section */

/* Begin PBXResourcesBuildPhase section */
		CE89637B27BDC03C0002B8BB /* Resources */ = {
			isa = PBXResourcesBuildPhase;
			buildActionMask = 2147483647;
			files = (
				CE89638D27BDC03D0002B8BB /* LaunchScreen.storyboard in Resources */,
				CE8D050827D0401100E25E37 /* Localizable.strings in Resources */,
				CE89638A27BDC03D0002B8BB /* Assets.xcassets in Resources */,
				CE89638827BDC03C0002B8BB /* Main.storyboard in Resources */,
			);
			runOnlyForDeploymentPostprocessing = 0;
		};
		CE89639127BDC03E0002B8BB /* Resources */ = {
			isa = PBXResourcesBuildPhase;
			buildActionMask = 2147483647;
			files = (
			);
			runOnlyForDeploymentPostprocessing = 0;
		};
		CE89639B27BDC03E0002B8BB /* Resources */ = {
			isa = PBXResourcesBuildPhase;
			buildActionMask = 2147483647;
			files = (
			);
			runOnlyForDeploymentPostprocessing = 0;
		};
/* End PBXResourcesBuildPhase section */

/* Begin PBXSourcesBuildPhase section */
		CE89637927BDC03C0002B8BB /* Sources */ = {
			isa = PBXSourcesBuildPhase;
			buildActionMask = 2147483647;
			files = (
				CE89638527BDC03C0002B8BB /* ConversionViewController.swift in Sources */,
				CE89638127BDC03C0002B8BB /* AppDelegate.swift in Sources */,
				CE89638327BDC03C0002B8BB /* SceneDelegate.swift in Sources */,
				CEDE3B1327C710AD00ABC03D /* MapViewController.swift in Sources */,
			);
			runOnlyForDeploymentPostprocessing = 0;
		};
		CE89638F27BDC03E0002B8BB /* Sources */ = {
			isa = PBXSourcesBuildPhase;
			buildActionMask = 2147483647;
			files = (
				CE89639827BDC03E0002B8BB /* WorldTrotterTests.swift in Sources */,
			);
			runOnlyForDeploymentPostprocessing = 0;
		};
		CE89639927BDC03E0002B8BB /* Sources */ = {
			isa = PBXSourcesBuildPhase;
			buildActionMask = 2147483647;
			files = (
				CE8963A427BDC03E0002B8BB /* WorldTrotterUITestsLaunchTests.swift in Sources */,
				CE8963A227BDC03E0002B8BB /* WorldTrotterUITests.swift in Sources */,
			);
			runOnlyForDeploymentPostprocessing = 0;
		};
/* End PBXSourcesBuildPhase section */

/* Begin PBXTargetDependency section */
		CE89639527BDC03E0002B8BB /* PBXTargetDependency */ = {
			isa = PBXTargetDependency;
			target = CE89637C27BDC03C0002B8BB /* WorldTrotter */;
			targetProxy = CE89639427BDC03E0002B8BB /* PBXContainerItemProxy */;
		};
		CE89639F27BDC03E0002B8BB /* PBXTargetDependency */ = {
			isa = PBXTargetDependency;
			target = CE89637C27BDC03C0002B8BB /* WorldTrotter */;
			targetProxy = CE89639E27BDC03E0002B8BB /* PBXContainerItemProxy */;
		};
/* End PBXTargetDependency section */

/* Begin PBXVariantGroup section */
		CE89638627BDC03C0002B8BB /* Main.storyboard */ = {
			isa = PBXVariantGroup;
			children = (
				CE89638727BDC03C0002B8BB /* Base */,
				CE8D050427D03A1400E25E37 /* en */,
				CE8D050527D03A6000E25E37 /* es */,
			);
			name = Main.storyboard;
			sourceTree = "<group>";
		};
		CE89638B27BDC03D0002B8BB /* LaunchScreen.storyboard */ = {
			isa = PBXVariantGroup;
			children = (
				CE89638C27BDC03D0002B8BB /* Base */,
			);
			name = LaunchScreen.storyboard;
			sourceTree = "<group>";
		};
		CE8D050A27D0401100E25E37 /* Localizable.strings */ = {
			isa = PBXVariantGroup;
			children = (
				CE8D050927D0401100E25E37 /* es */,
			);
			name = Localizable.strings;
			sourceTree = "<group>";
		};
/* End PBXVariantGroup section */

/* Begin XCBuildConfiguration section */
		CE8963A527BDC03E0002B8BB /* Debug */ = {
			isa = XCBuildConfiguration;
			buildSettings = {
				ALWAYS_SEARCH_USER_PATHS = NO;
				CLANG_ANALYZER_LOCALIZABILITY_NONLOCALIZED = YES;
				CLANG_ANALYZER_NONNULL = YES;
				CLANG_ANALYZER_NUMBER_OBJECT_CONVERSION = YES_AGGRESSIVE;
				CLANG_CXX_LANGUAGE_STANDARD = "gnu++17";
				CLANG_CXX_LIBRARY = "libc++";
				CLANG_ENABLE_MODULES = YES;
				CLANG_ENABLE_OBJC_ARC = YES;
				CLANG_ENABLE_OBJC_WEAK = YES;
				CLANG_WARN_BLOCK_CAPTURE_AUTORELEASING = YES;
				CLANG_WARN_BOOL_CONVERSION = YES;
				CLANG_WARN_COMMA = YES;
				CLANG_WARN_CONSTANT_CONVERSION = YES;
				CLANG_WARN_DEPRECATED_OBJC_IMPLEMENTATIONS = YES;
				CLANG_WARN_DIRECT_OBJC_ISA_USAGE = YES_ERROR;
				CLANG_WARN_DOCUMENTATION_COMMENTS = YES;
				CLANG_WARN_EMPTY_BODY = YES;
				CLANG_WARN_ENUM_CONVERSION = YES;
				CLANG_WARN_INFINITE_RECURSION = YES;
				CLANG_WARN_INT_CONVERSION = YES;
				CLANG_WARN_NON_LITERAL_NULL_CONVERSION = YES;
				CLANG_WARN_OBJC_IMPLICIT_RETAIN_SELF = YES;
				CLANG_WARN_OBJC_LITERAL_CONVERSION = YES;
				CLANG_WARN_OBJC_ROOT_CLASS = YES_ERROR;
				CLANG_WARN_QUOTED_INCLUDE_IN_FRAMEWORK_HEADER = YES;
				CLANG_WARN_RANGE_LOOP_ANALYSIS = YES;
				CLANG_WARN_STRICT_PROTOTYPES = YES;
				CLANG_WARN_SUSPICIOUS_MOVE = YES;
				CLANG_WARN_UNGUARDED_AVAILABILITY = YES_AGGRESSIVE;
				CLANG_WARN_UNREACHABLE_CODE = YES;
				CLANG_WARN__DUPLICATE_METHOD_MATCH = YES;
				COPY_PHASE_STRIP = NO;
				DEBUG_INFORMATION_FORMAT = dwarf;
				ENABLE_STRICT_OBJC_MSGSEND = YES;
				ENABLE_TESTABILITY = YES;
				GCC_C_LANGUAGE_STANDARD = gnu11;
				GCC_DYNAMIC_NO_PIC = NO;
				GCC_NO_COMMON_BLOCKS = YES;
				GCC_OPTIMIZATION_LEVEL = 0;
				GCC_PREPROCESSOR_DEFINITIONS = (
					"DEBUG=1",
					"$(inherited)",
				);
				GCC_WARN_64_TO_32_BIT_CONVERSION = YES;
				GCC_WARN_ABOUT_RETURN_TYPE = YES_ERROR;
				GCC_WARN_UNDECLARED_SELECTOR = YES;
				GCC_WARN_UNINITIALIZED_AUTOS = YES_AGGRESSIVE;
				GCC_WARN_UNUSED_FUNCTION = YES;
				GCC_WARN_UNUSED_VARIABLE = YES;
				IPHONEOS_DEPLOYMENT_TARGET = 15.2;
				MTL_ENABLE_DEBUG_INFO = INCLUDE_SOURCE;
				MTL_FAST_MATH = YES;
				ONLY_ACTIVE_ARCH = YES;
				SDKROOT = iphoneos;
				SWIFT_ACTIVE_COMPILATION_CONDITIONS = DEBUG;
				SWIFT_OPTIMIZATION_LEVEL = "-Onone";
			};
			name = Debug;
		};
		CE8963A627BDC03E0002B8BB /* Release */ = {
			isa = XCBuildConfiguration;
			buildSettings = {
				ALWAYS_SEARCH_USER_PATHS = NO;
				CLANG_ANALYZER_LOCALIZABILITY_NONLOCALIZED = YES;
				CLANG_ANALYZER_NONNULL = YES;
				CLANG_ANALYZER_NUMBER_OBJECT_CONVERSION = YES_AGGRESSIVE;
				CLANG_CXX_LANGUAGE_STANDARD = "gnu++17";
				CLANG_CXX_LIBRARY = "libc++";
				CLANG_ENABLE_MODULES = YES;
				CLANG_ENABLE_OBJC_ARC = YES;
				CLANG_ENABLE_OBJC_WEAK = YES;
				CLANG_WARN_BLOCK_CAPTURE_AUTORELEASING = YES;
				CLANG_WARN_BOOL_CONVERSION = YES;
				CLANG_WARN_COMMA = YES;
				CLANG_WARN_CONSTANT_CONVERSION = YES;
				CLANG_WARN_DEPRECATED_OBJC_IMPLEMENTATIONS = YES;
				CLANG_WARN_DIRECT_OBJC_ISA_USAGE = YES_ERROR;
				CLANG_WARN_DOCUMENTATION_COMMENTS = YES;
				CLANG_WARN_EMPTY_BODY = YES;
				CLANG_WARN_ENUM_CONVERSION = YES;
				CLANG_WARN_INFINITE_RECURSION = YES;
				CLANG_WARN_INT_CONVERSION = YES;
				CLANG_WARN_NON_LITERAL_NULL_CONVERSION = YES;
				CLANG_WARN_OBJC_IMPLICIT_RETAIN_SELF = YES;
				CLANG_WARN_OBJC_LITERAL_CONVERSION = YES;
				CLANG_WARN_OBJC_ROOT_CLASS = YES_ERROR;
				CLANG_WARN_QUOTED_INCLUDE_IN_FRAMEWORK_HEADER = YES;
				CLANG_WARN_RANGE_LOOP_ANALYSIS = YES;
				CLANG_WARN_STRICT_PROTOTYPES = YES;
				CLANG_WARN_SUSPICIOUS_MOVE = YES;
				CLANG_WARN_UNGUARDED_AVAILABILITY = YES_AGGRESSIVE;
				CLANG_WARN_UNREACHABLE_CODE = YES;
				CLANG_WARN__DUPLICATE_METHOD_MATCH = YES;
				COPY_PHASE_STRIP = NO;
				DEBUG_INFORMATION_FORMAT = "dwarf-with-dsym";
				ENABLE_NS_ASSERTIONS = NO;
				ENABLE_STRICT_OBJC_MSGSEND = YES;
				GCC_C_LANGUAGE_STANDARD = gnu11;
				GCC_NO_COMMON_BLOCKS = YES;
				GCC_WARN_64_TO_32_BIT_CONVERSION = YES;
				GCC_WARN_ABOUT_RETURN_TYPE = YES_ERROR;
				GCC_WARN_UNDECLARED_SELECTOR = YES;
				GCC_WARN_UNINITIALIZED_AUTOS = YES_AGGRESSIVE;
				GCC_WARN_UNUSED_FUNCTION = YES;
				GCC_WARN_UNUSED_VARIABLE = YES;
				IPHONEOS_DEPLOYMENT_TARGET = 15.2;
				MTL_ENABLE_DEBUG_INFO = NO;
				MTL_FAST_MATH = YES;
				SDKROOT = iphoneos;
				SWIFT_COMPILATION_MODE = wholemodule;
				SWIFT_OPTIMIZATION_LEVEL = "-O";
				VALIDATE_PRODUCT = YES;
			};
			name = Release;
		};
		CE8963A827BDC03E0002B8BB /* Debug */ = {
			isa = XCBuildConfiguration;
			buildSettings = {
				ASSETCATALOG_COMPILER_APPICON_NAME = AppIcon;
				ASSETCATALOG_COMPILER_GLOBAL_ACCENT_COLOR_NAME = AccentColor;
				CODE_SIGN_STYLE = Automatic;
				CURRENT_PROJECT_VERSION = 1;
				GENERATE_INFOPLIST_FILE = YES;
				INFOPLIST_FILE = WorldTrotter/Info.plist;
				INFOPLIST_KEY_UIApplicationSupportsIndirectInputEvents = YES;
				INFOPLIST_KEY_UILaunchStoryboardName = LaunchScreen;
				INFOPLIST_KEY_UIMainStoryboardFile = Main;
				INFOPLIST_KEY_UISupportedInterfaceOrientations_iPad = "UIInterfaceOrientationPortrait UIInterfaceOrientationPortraitUpsideDown UIInterfaceOrientationLandscapeLeft UIInterfaceOrientationLandscapeRight";
				INFOPLIST_KEY_UISupportedInterfaceOrientations_iPhone = "UIInterfaceOrientationPortrait UIInterfaceOrientationLandscapeLeft UIInterfaceOrientationLandscapeRight";
				LD_RUNPATH_SEARCH_PATHS = (
					"$(inherited)",
					"@executable_path/Frameworks",
				);
				MARKETING_VERSION = 1.0;
				PRODUCT_BUNDLE_IDENTIFIER = walidAmar.WorldTrotter;
				PRODUCT_NAME = "$(TARGET_NAME)";
				SWIFT_EMIT_LOC_STRINGS = YES;
				SWIFT_VERSION = 5.0;
				TARGETED_DEVICE_FAMILY = "1,2";
			};
			name = Debug;
		};
		CE8963A927BDC03E0002B8BB /* Release */ = {
			isa = XCBuildConfiguration;
			buildSettings = {
				ASSETCATALOG_COMPILER_APPICON_NAME = AppIcon;
				ASSETCATALOG_COMPILER_GLOBAL_ACCENT_COLOR_NAME = AccentColor;
				CODE_SIGN_STYLE = Automatic;
				CURRENT_PROJECT_VERSION = 1;
				GENERATE_INFOPLIST_FILE = YES;
				INFOPLIST_FILE = WorldTrotter/Info.plist;
				INFOPLIST_KEY_UIApplicationSupportsIndirectInputEvents = YES;
				INFOPLIST_KEY_UILaunchStoryboardName = LaunchScreen;
				INFOPLIST_KEY_UIMainStoryboardFile = Main;
				INFOPLIST_KEY_UISupportedInterfaceOrientations_iPad = "UIInterfaceOrientationPortrait UIInterfaceOrientationPortraitUpsideDown UIInterfaceOrientationLandscapeLeft UIInterfaceOrientationLandscapeRight";
				INFOPLIST_KEY_UISupportedInterfaceOrientations_iPhone = "UIInterfaceOrientationPortrait UIInterfaceOrientationLandscapeLeft UIInterfaceOrientationLandscapeRight";
				LD_RUNPATH_SEARCH_PATHS = (
					"$(inherited)",
					"@executable_path/Frameworks",
				);
				MARKETING_VERSION = 1.0;
				PRODUCT_BUNDLE_IDENTIFIER = walidAmar.WorldTrotter;
				PRODUCT_NAME = "$(TARGET_NAME)";
				SWIFT_EMIT_LOC_STRINGS = YES;
				SWIFT_VERSION = 5.0;
				TARGETED_DEVICE_FAMILY = "1,2";
			};
			name = Release;
		};
		CE8963AB27BDC03E0002B8BB /* Debug */ = {
			isa = XCBuildConfiguration;
			buildSettings = {
				ALWAYS_EMBED_SWIFT_STANDARD_LIBRARIES = YES;
				BUNDLE_LOADER = "$(TEST_HOST)";
				CODE_SIGN_STYLE = Automatic;
				CURRENT_PROJECT_VERSION = 1;
				GENERATE_INFOPLIST_FILE = YES;
				IPHONEOS_DEPLOYMENT_TARGET = 15.2;
				MARKETING_VERSION = 1.0;
				PRODUCT_BUNDLE_IDENTIFIER = walidAmar.WorldTrotterTests;
				PRODUCT_NAME = "$(TARGET_NAME)";
				SWIFT_EMIT_LOC_STRINGS = NO;
				SWIFT_VERSION = 5.0;
				TARGETED_DEVICE_FAMILY = "1,2";
				TEST_HOST = "$(BUILT_PRODUCTS_DIR)/WorldTrotter.app/WorldTrotter";
			};
			name = Debug;
		};
		CE8963AC27BDC03E0002B8BB /* Release */ = {
			isa = XCBuildConfiguration;
			buildSettings = {
				ALWAYS_EMBED_SWIFT_STANDARD_LIBRARIES = YES;
				BUNDLE_LOADER = "$(TEST_HOST)";
				CODE_SIGN_STYLE = Automatic;
				CURRENT_PROJECT_VERSION = 1;
				GENERATE_INFOPLIST_FILE = YES;
				IPHONEOS_DEPLOYMENT_TARGET = 15.2;
				MARKETING_VERSION = 1.0;
				PRODUCT_BUNDLE_IDENTIFIER = walidAmar.WorldTrotterTests;
				PRODUCT_NAME = "$(TARGET_NAME)";
				SWIFT_EMIT_LOC_STRINGS = NO;
				SWIFT_VERSION = 5.0;
				TARGETED_DEVICE_FAMILY = "1,2";
				TEST_HOST = "$(BUILT_PRODUCTS_DIR)/WorldTrotter.app/WorldTrotter";
			};
			name = Release;
		};
		CE8963AE27BDC03E0002B8BB /* Debug */ = {
			isa = XCBuildConfiguration;
			buildSettings = {
				ALWAYS_EMBED_SWIFT_STANDARD_LIBRARIES = YES;
				CODE_SIGN_STYLE = Automatic;
				CURRENT_PROJECT_VERSION = 1;
				GENERATE_INFOPLIST_FILE = YES;
				MARKETING_VERSION = 1.0;
				PRODUCT_BUNDLE_IDENTIFIER = walidAmar.WorldTrotterUITests;
				PRODUCT_NAME = "$(TARGET_NAME)";
				SWIFT_EMIT_LOC_STRINGS = NO;
				SWIFT_VERSION = 5.0;
				TARGETED_DEVICE_FAMILY = "1,2";
				TEST_TARGET_NAME = WorldTrotter;
			};
			name = Debug;
		};
		CE8963AF27BDC03E0002B8BB /* Release */ = {
			isa = XCBuildConfiguration;
			buildSettings = {
				ALWAYS_EMBED_SWIFT_STANDARD_LIBRARIES = YES;
				CODE_SIGN_STYLE = Automatic;
				CURRENT_PROJECT_VERSION = 1;
				GENERATE_INFOPLIST_FILE = YES;
				MARKETING_VERSION = 1.0;
				PRODUCT_BUNDLE_IDENTIFIER = walidAmar.WorldTrotterUITests;
				PRODUCT_NAME = "$(TARGET_NAME)";
				SWIFT_EMIT_LOC_STRINGS = NO;
				SWIFT_VERSION = 5.0;
				TARGETED_DEVICE_FAMILY = "1,2";
				TEST_TARGET_NAME = WorldTrotter;
			};
			name = Release;
		};
/* End XCBuildConfiguration section */

/* Begin XCConfigurationList section */
		CE89637827BDC03C0002B8BB /* Build configuration list for PBXProject "WorldTrotter" */ = {
			isa = XCConfigurationList;
			buildConfigurations = (
				CE8963A527BDC03E0002B8BB /* Debug */,
				CE8963A627BDC03E0002B8BB /* Release */,
			);
			defaultConfigurationIsVisible = 0;
			defaultConfigurationName = Release;
		};
		CE8963A727BDC03E0002B8BB /* Build configuration list for PBXNativeTarget "WorldTrotter" */ = {
			isa = XCConfigurationList;
			buildConfigurations = (
				CE8963A827BDC03E0002B8BB /* Debug */,
				CE8963A927BDC03E0002B8BB /* Release */,
			);
			defaultConfigurationIsVisible = 0;
			defaultConfigurationName = Release;
		};
		CE8963AA27BDC03E0002B8BB /* Build configuration list for PBXNativeTarget "WorldTrotterTests" */ = {
			isa = XCConfigurationList;
			buildConfigurations = (
				CE8963AB27BDC03E0002B8BB /* Debug */,
				CE8963AC27BDC03E0002B8BB /* Release */,
			);
			defaultConfigurationIsVisible = 0;
			defaultConfigurationName = Release;
		};
		CE8963AD27BDC03E0002B8BB /* Build configuration list for PBXNativeTarget "WorldTrotterUITests" */ = {
			isa = XCConfigurationList;
			buildConfigurations = (
				CE8963AE27BDC03E0002B8BB /* Debug */,
				CE8963AF27BDC03E0002B8BB /* Release */,
			);
			defaultConfigurationIsVisible = 0;
			defaultConfigurationName = Release;
		};
/* End XCConfigurationList section */
	};
	rootObject = CE89637527BDC03C0002B8BB /* Project object */;
}
